// !$*UTF8*$!
{
	archiveVersion = 1;
	classes = {
	};
	objectVersion = 56;
	objects = {

/* Begin PBXBuildFile section */
		41E65DF22A02E9E300924170 /* AppDelegate.swift in Sources */ = {isa = PBXBuildFile; fileRef = 41E65DF12A02E9E300924170 /* AppDelegate.swift */; };
		41E65DF42A02E9E300924170 /* SceneDelegate.swift in Sources */ = {isa = PBXBuildFile; fileRef = 41E65DF32A02E9E300924170 /* SceneDelegate.swift */; };
		41E65DF72A02E9E300924170 /* LaunchScreen.storyboard in Resources */ = {isa = PBXBuildFile; fileRef = 41E65DF52A02E9E300924170 /* LaunchScreen.storyboard */; };
		41E65DFA2A02E9E300924170 /* Main.storyboard in Resources */ = {isa = PBXBuildFile; fileRef = 41E65DF82A02E9E300924170 /* Main.storyboard */; };
		41E65E032A02E9E300924170 /* AppDelegate.swift in Sources */ = {isa = PBXBuildFile; fileRef = 41E65E022A02E9E300924170 /* AppDelegate.swift */; };
		41E65E062A02E9E300924170 /* Main.storyboard in Resources */ = {isa = PBXBuildFile; fileRef = 41E65E042A02E9E300924170 /* Main.storyboard */; };
		41E65E0D2A02E9E300924170 /* AirTS Extension.appex in Embed Foundation Extensions */ = {isa = PBXBuildFile; fileRef = 41E65E0C2A02E9E300924170 /* AirTS Extension.appex */; settings = {ATTRIBUTES = (RemoveHeadersOnCopy, ); }; };
		41E65E172A02E9E300924170 /* AirTS Extension.appex in Embed Foundation Extensions */ = {isa = PBXBuildFile; fileRef = 41E65E162A02E9E300924170 /* AirTS Extension.appex */; settings = {ATTRIBUTES = (RemoveHeadersOnCopy, ); }; };
		41E65E1D2A02E9E300924170 /* Main.html in Resources */ = {isa = PBXBuildFile; fileRef = 41E65DD82A02E9E200924170 /* Main.html */; };
		41E65E1E2A02E9E300924170 /* Main.html in Resources */ = {isa = PBXBuildFile; fileRef = 41E65DD82A02E9E200924170 /* Main.html */; };
		41E65E1F2A02E9E300924170 /* Icon.png in Resources */ = {isa = PBXBuildFile; fileRef = 41E65DDA2A02E9E200924170 /* Icon.png */; };
		41E65E202A02E9E300924170 /* Icon.png in Resources */ = {isa = PBXBuildFile; fileRef = 41E65DDA2A02E9E200924170 /* Icon.png */; };
		41E65E212A02E9E300924170 /* Style.css in Resources */ = {isa = PBXBuildFile; fileRef = 41E65DDB2A02E9E200924170 /* Style.css */; };
		41E65E222A02E9E300924170 /* Style.css in Resources */ = {isa = PBXBuildFile; fileRef = 41E65DDB2A02E9E200924170 /* Style.css */; };
		41E65E232A02E9E300924170 /* Script.js in Resources */ = {isa = PBXBuildFile; fileRef = 41E65DDC2A02E9E200924170 /* Script.js */; };
		41E65E242A02E9E300924170 /* Script.js in Resources */ = {isa = PBXBuildFile; fileRef = 41E65DDC2A02E9E200924170 /* Script.js */; };
		41E65E252A02E9E300924170 /* ViewController.swift in Sources */ = {isa = PBXBuildFile; fileRef = 41E65DDD2A02E9E200924170 /* ViewController.swift */; };
		41E65E262A02E9E300924170 /* ViewController.swift in Sources */ = {isa = PBXBuildFile; fileRef = 41E65DDD2A02E9E200924170 /* ViewController.swift */; };
		41E65E272A02E9E300924170 /* Assets.xcassets in Resources */ = {isa = PBXBuildFile; fileRef = 41E65DDE2A02E9E200924170 /* Assets.xcassets */; };
		41E65E282A02E9E300924170 /* Assets.xcassets in Resources */ = {isa = PBXBuildFile; fileRef = 41E65DDE2A02E9E200924170 /* Assets.xcassets */; };
		41E65E292A02E9E300924170 /* SafariWebExtensionHandler.swift in Sources */ = {isa = PBXBuildFile; fileRef = 41E65DE02A02E9E200924170 /* SafariWebExtensionHandler.swift */; };
		41E65E2A2A02E9E300924170 /* SafariWebExtensionHandler.swift in Sources */ = {isa = PBXBuildFile; fileRef = 41E65DE02A02E9E200924170 /* SafariWebExtensionHandler.swift */; };
		41E65E2B2A02E9E300924170 /* _locales in Resources */ = {isa = PBXBuildFile; fileRef = 41E65DE22A02E9E200924170 /* _locales */; };
		41E65E2C2A02E9E300924170 /* _locales in Resources */ = {isa = PBXBuildFile; fileRef = 41E65DE22A02E9E200924170 /* _locales */; };
		41E65E2D2A02E9E300924170 /* images in Resources */ = {isa = PBXBuildFile; fileRef = 41E65DE32A02E9E200924170 /* images */; };
		41E65E2E2A02E9E300924170 /* images in Resources */ = {isa = PBXBuildFile; fileRef = 41E65DE32A02E9E200924170 /* images */; };
		41E65E2F2A02E9E300924170 /* manifest.json in Resources */ = {isa = PBXBuildFile; fileRef = 41E65DE42A02E9E200924170 /* manifest.json */; };
		41E65E302A02E9E300924170 /* manifest.json in Resources */ = {isa = PBXBuildFile; fileRef = 41E65DE42A02E9E200924170 /* manifest.json */; };
		41E65E312A02E9E300924170 /* background.js in Resources */ = {isa = PBXBuildFile; fileRef = 41E65DE52A02E9E200924170 /* background.js */; };
		41E65E322A02E9E300924170 /* background.js in Resources */ = {isa = PBXBuildFile; fileRef = 41E65DE52A02E9E200924170 /* background.js */; };
		41E65E332A02E9E300924170 /* content.js in Resources */ = {isa = PBXBuildFile; fileRef = 41E65DE62A02E9E200924170 /* content.js */; };
		41E65E342A02E9E300924170 /* content.js in Resources */ = {isa = PBXBuildFile; fileRef = 41E65DE62A02E9E200924170 /* content.js */; };
		41E65E352A02E9E300924170 /* popup.html in Resources */ = {isa = PBXBuildFile; fileRef = 41E65DE72A02E9E200924170 /* popup.html */; };
		41E65E362A02E9E300924170 /* popup.html in Resources */ = {isa = PBXBuildFile; fileRef = 41E65DE72A02E9E200924170 /* popup.html */; };
		41E65E372A02E9E300924170 /* popup.css in Resources */ = {isa = PBXBuildFile; fileRef = 41E65DE82A02E9E200924170 /* popup.css */; };
		41E65E382A02E9E300924170 /* popup.css in Resources */ = {isa = PBXBuildFile; fileRef = 41E65DE82A02E9E200924170 /* popup.css */; };
		41E65E392A02E9E300924170 /* popup.js in Resources */ = {isa = PBXBuildFile; fileRef = 41E65DE92A02E9E200924170 /* popup.js */; };
		41E65E3A2A02E9E300924170 /* popup.js in Resources */ = {isa = PBXBuildFile; fileRef = 41E65DE92A02E9E200924170 /* popup.js */; };
/* End PBXBuildFile section */

/* Begin PBXContainerItemProxy section */
		41E65E0E2A02E9E300924170 /* PBXContainerItemProxy */ = {
			isa = PBXContainerItemProxy;
			containerPortal = 41E65DD22A02E9E200924170 /* Project object */;
			proxyType = 1;
			remoteGlobalIDString = 41E65E0B2A02E9E300924170;
			remoteInfo = "AirTS Extension (iOS)";
		};
		41E65E182A02E9E300924170 /* PBXContainerItemProxy */ = {
			isa = PBXContainerItemProxy;
			containerPortal = 41E65DD22A02E9E200924170 /* Project object */;
			proxyType = 1;
			remoteGlobalIDString = 41E65E152A02E9E300924170;
			remoteInfo = "AirTS Extension (macOS)";
		};
/* End PBXContainerItemProxy section */

/* Begin PBXCopyFilesBuildPhase section */
		41E65E402A02E9E300924170 /* Embed Foundation Extensions */ = {
			isa = PBXCopyFilesBuildPhase;
			buildActionMask = 2147483647;
			dstPath = "";
			dstSubfolderSpec = 13;
			files = (
				41E65E0D2A02E9E300924170 /* AirTS Extension.appex in Embed Foundation Extensions */,
			);
			name = "Embed Foundation Extensions";
			runOnlyForDeploymentPostprocessing = 0;
		};
		41E65E472A02E9E300924170 /* Embed Foundation Extensions */ = {
			isa = PBXCopyFilesBuildPhase;
			buildActionMask = 2147483647;
			dstPath = "";
			dstSubfolderSpec = 13;
			files = (
				41E65E172A02E9E300924170 /* AirTS Extension.appex in Embed Foundation Extensions */,
			);
			name = "Embed Foundation Extensions";
			runOnlyForDeploymentPostprocessing = 0;
		};
/* End PBXCopyFilesBuildPhase section */

/* Begin PBXFileReference section */
		41E65DD92A02E9E200924170 /* Base */ = {isa = PBXFileReference; lastKnownFileType = text.html; name = Base; path = ../Base.lproj/Main.html; sourceTree = "<group>"; };
		41E65DDA2A02E9E200924170 /* Icon.png */ = {isa = PBXFileReference; lastKnownFileType = image.png; path = Icon.png; sourceTree = "<group>"; };
		41E65DDB2A02E9E200924170 /* Style.css */ = {isa = PBXFileReference; lastKnownFileType = text.css; path = Style.css; sourceTree = "<group>"; };
		41E65DDC2A02E9E200924170 /* Script.js */ = {isa = PBXFileReference; lastKnownFileType = sourcecode.javascript; path = Script.js; sourceTree = "<group>"; };
		41E65DDD2A02E9E200924170 /* ViewController.swift */ = {isa = PBXFileReference; lastKnownFileType = sourcecode.swift; path = ViewController.swift; sourceTree = "<group>"; };
		41E65DDE2A02E9E200924170 /* Assets.xcassets */ = {isa = PBXFileReference; lastKnownFileType = folder.assetcatalog; path = Assets.xcassets; sourceTree = "<group>"; };
		41E65DE02A02E9E200924170 /* SafariWebExtensionHandler.swift */ = {isa = PBXFileReference; lastKnownFileType = sourcecode.swift; path = SafariWebExtensionHandler.swift; sourceTree = "<group>"; };
		41E65DE22A02E9E200924170 /* _locales */ = {isa = PBXFileReference; lastKnownFileType = folder; path = _locales; sourceTree = "<group>"; };
		41E65DE32A02E9E200924170 /* images */ = {isa = PBXFileReference; lastKnownFileType = folder; path = images; sourceTree = "<group>"; };
		41E65DE42A02E9E200924170 /* manifest.json */ = {isa = PBXFileReference; lastKnownFileType = text.json; path = manifest.json; sourceTree = "<group>"; };
		41E65DE52A02E9E200924170 /* background.js */ = {isa = PBXFileReference; lastKnownFileType = sourcecode.javascript; path = background.js; sourceTree = "<group>"; };
		41E65DE62A02E9E200924170 /* content.js */ = {isa = PBXFileReference; lastKnownFileType = sourcecode.javascript; path = content.js; sourceTree = "<group>"; };
		41E65DE72A02E9E200924170 /* popup.html */ = {isa = PBXFileReference; lastKnownFileType = text.html; path = popup.html; sourceTree = "<group>"; };
		41E65DE82A02E9E200924170 /* popup.css */ = {isa = PBXFileReference; lastKnownFileType = text.css; path = popup.css; sourceTree = "<group>"; };
		41E65DE92A02E9E200924170 /* popup.js */ = {isa = PBXFileReference; lastKnownFileType = sourcecode.javascript; path = popup.js; sourceTree = "<group>"; };
		41E65DEE2A02E9E300924170 /* AirTS.app */ = {isa = PBXFileReference; explicitFileType = wrapper.application; includeInIndex = 0; path = AirTS.app; sourceTree = BUILT_PRODUCTS_DIR; };
		41E65DF12A02E9E300924170 /* AppDelegate.swift */ = {isa = PBXFileReference; lastKnownFileType = sourcecode.swift; path = AppDelegate.swift; sourceTree = "<group>"; };
		41E65DF32A02E9E300924170 /* SceneDelegate.swift */ = {isa = PBXFileReference; lastKnownFileType = sourcecode.swift; path = SceneDelegate.swift; sourceTree = "<group>"; };
		41E65DF62A02E9E300924170 /* Base */ = {isa = PBXFileReference; lastKnownFileType = file.storyboard; name = Base; path = Base.lproj/LaunchScreen.storyboard; sourceTree = "<group>"; };
		41E65DF92A02E9E300924170 /* Base */ = {isa = PBXFileReference; lastKnownFileType = file.storyboard; name = Base; path = Base.lproj/Main.storyboard; sourceTree = "<group>"; };
		41E65DFB2A02E9E300924170 /* Info.plist */ = {isa = PBXFileReference; lastKnownFileType = text.plist.xml; path = Info.plist; sourceTree = "<group>"; };
		41E65E002A02E9E300924170 /* AirTS.app */ = {isa = PBXFileReference; explicitFileType = wrapper.application; includeInIndex = 0; path = AirTS.app; sourceTree = BUILT_PRODUCTS_DIR; };
		41E65E022A02E9E300924170 /* AppDelegate.swift */ = {isa = PBXFileReference; lastKnownFileType = sourcecode.swift; path = AppDelegate.swift; sourceTree = "<group>"; };
		41E65E052A02E9E300924170 /* Base */ = {isa = PBXFileReference; lastKnownFileType = file.storyboard; name = Base; path = Base.lproj/Main.storyboard; sourceTree = "<group>"; };
		41E65E072A02E9E300924170 /* AirTS.entitlements */ = {isa = PBXFileReference; lastKnownFileType = text.plist.entitlements; path = AirTS.entitlements; sourceTree = "<group>"; };
		41E65E0C2A02E9E300924170 /* AirTS Extension.appex */ = {isa = PBXFileReference; explicitFileType = "wrapper.app-extension"; includeInIndex = 0; path = "AirTS Extension.appex"; sourceTree = BUILT_PRODUCTS_DIR; };
		41E65E112A02E9E300924170 /* Info.plist */ = {isa = PBXFileReference; lastKnownFileType = text.plist.xml; path = Info.plist; sourceTree = "<group>"; };
		41E65E162A02E9E300924170 /* AirTS Extension.appex */ = {isa = PBXFileReference; explicitFileType = "wrapper.app-extension"; includeInIndex = 0; path = "AirTS Extension.appex"; sourceTree = BUILT_PRODUCTS_DIR; };
		41E65E1B2A02E9E300924170 /* Info.plist */ = {isa = PBXFileReference; lastKnownFileType = text.plist.xml; path = Info.plist; sourceTree = "<group>"; };
		41E65E1C2A02E9E300924170 /* AirTS.entitlements */ = {isa = PBXFileReference; lastKnownFileType = text.plist.entitlements; path = AirTS.entitlements; sourceTree = "<group>"; };
/* End PBXFileReference section */

/* Begin PBXFrameworksBuildPhase section */
		41E65DEB2A02E9E300924170 /* Frameworks */ = {
			isa = PBXFrameworksBuildPhase;
			buildActionMask = 2147483647;
			files = (
			);
			runOnlyForDeploymentPostprocessing = 0;
		};
		41E65DFD2A02E9E300924170 /* Frameworks */ = {
			isa = PBXFrameworksBuildPhase;
			buildActionMask = 2147483647;
			files = (
			);
			runOnlyForDeploymentPostprocessing = 0;
		};
		41E65E092A02E9E300924170 /* Frameworks */ = {
			isa = PBXFrameworksBuildPhase;
			buildActionMask = 2147483647;
			files = (
			);
			runOnlyForDeploymentPostprocessing = 0;
		};
		41E65E132A02E9E300924170 /* Frameworks */ = {
			isa = PBXFrameworksBuildPhase;
			buildActionMask = 2147483647;
			files = (
			);
			runOnlyForDeploymentPostprocessing = 0;
		};
/* End PBXFrameworksBuildPhase section */

/* Begin PBXGroup section */
		41E65DD12A02E9E200924170 = {
			isa = PBXGroup;
			children = (
				41E65DD62A02E9E200924170 /* Shared (App) */,
				41E65DDF2A02E9E200924170 /* Shared (Extension) */,
				41E65DF02A02E9E300924170 /* iOS (App) */,
				41E65E012A02E9E300924170 /* macOS (App) */,
				41E65E102A02E9E300924170 /* iOS (Extension) */,
				41E65E1A2A02E9E300924170 /* macOS (Extension) */,
				41E65DEF2A02E9E300924170 /* Products */,
			);
			sourceTree = "<group>";
		};
		41E65DD62A02E9E200924170 /* Shared (App) */ = {
			isa = PBXGroup;
			children = (
				41E65DDD2A02E9E200924170 /* ViewController.swift */,
				41E65DDE2A02E9E200924170 /* Assets.xcassets */,
				41E65DD72A02E9E200924170 /* Resources */,
			);
			path = "Shared (App)";
			sourceTree = "<group>";
		};
		41E65DD72A02E9E200924170 /* Resources */ = {
			isa = PBXGroup;
			children = (
				41E65DD82A02E9E200924170 /* Main.html */,
				41E65DDA2A02E9E200924170 /* Icon.png */,
				41E65DDB2A02E9E200924170 /* Style.css */,
				41E65DDC2A02E9E200924170 /* Script.js */,
			);
			path = Resources;
			sourceTree = "<group>";
		};
		41E65DDF2A02E9E200924170 /* Shared (Extension) */ = {
			isa = PBXGroup;
			children = (
				41E65DE02A02E9E200924170 /* SafariWebExtensionHandler.swift */,
				41E65DE12A02E9E200924170 /* Resources */,
			);
			path = "Shared (Extension)";
			sourceTree = "<group>";
		};
		41E65DE12A02E9E200924170 /* Resources */ = {
			isa = PBXGroup;
			children = (
				41E65DE22A02E9E200924170 /* _locales */,
				41E65DE32A02E9E200924170 /* images */,
				41E65DE42A02E9E200924170 /* manifest.json */,
				41E65DE52A02E9E200924170 /* background.js */,
				41E65DE62A02E9E200924170 /* content.js */,
				41E65DE72A02E9E200924170 /* popup.html */,
				41E65DE82A02E9E200924170 /* popup.css */,
				41E65DE92A02E9E200924170 /* popup.js */,
			);
			path = Resources;
			sourceTree = "<group>";
		};
		41E65DEF2A02E9E300924170 /* Products */ = {
			isa = PBXGroup;
			children = (
				41E65DEE2A02E9E300924170 /* AirTS.app */,
				41E65E002A02E9E300924170 /* AirTS.app */,
				41E65E0C2A02E9E300924170 /* AirTS Extension.appex */,
				41E65E162A02E9E300924170 /* AirTS Extension.appex */,
			);
			name = Products;
			sourceTree = "<group>";
		};
		41E65DF02A02E9E300924170 /* iOS (App) */ = {
			isa = PBXGroup;
			children = (
				41E65DF12A02E9E300924170 /* AppDelegate.swift */,
				41E65DF32A02E9E300924170 /* SceneDelegate.swift */,
				41E65DF52A02E9E300924170 /* LaunchScreen.storyboard */,
				41E65DF82A02E9E300924170 /* Main.storyboard */,
				41E65DFB2A02E9E300924170 /* Info.plist */,
			);
			path = "iOS (App)";
			sourceTree = "<group>";
		};
		41E65E012A02E9E300924170 /* macOS (App) */ = {
			isa = PBXGroup;
			children = (
				41E65E022A02E9E300924170 /* AppDelegate.swift */,
				41E65E042A02E9E300924170 /* Main.storyboard */,
				41E65E072A02E9E300924170 /* AirTS.entitlements */,
			);
			path = "macOS (App)";
			sourceTree = "<group>";
		};
		41E65E102A02E9E300924170 /* iOS (Extension) */ = {
			isa = PBXGroup;
			children = (
				41E65E112A02E9E300924170 /* Info.plist */,
			);
			path = "iOS (Extension)";
			sourceTree = "<group>";
		};
		41E65E1A2A02E9E300924170 /* macOS (Extension) */ = {
			isa = PBXGroup;
			children = (
				41E65E1B2A02E9E300924170 /* Info.plist */,
				41E65E1C2A02E9E300924170 /* AirTS.entitlements */,
			);
			path = "macOS (Extension)";
			sourceTree = "<group>";
		};
/* End PBXGroup section */

/* Begin PBXNativeTarget section */
		41E65DED2A02E9E300924170 /* AirTS (iOS) */ = {
			isa = PBXNativeTarget;
			buildConfigurationList = 41E65E412A02E9E300924170 /* Build configuration list for PBXNativeTarget "AirTS (iOS)" */;
			buildPhases = (
				41E65DEA2A02E9E300924170 /* Sources */,
				41E65DEB2A02E9E300924170 /* Frameworks */,
				41E65DEC2A02E9E300924170 /* Resources */,
				41E65E402A02E9E300924170 /* Embed Foundation Extensions */,
			);
			buildRules = (
			);
			dependencies = (
				41E65E0F2A02E9E300924170 /* PBXTargetDependency */,
			);
			name = "AirTS (iOS)";
			productName = "AirTS (iOS)";
			productReference = 41E65DEE2A02E9E300924170 /* AirTS.app */;
			productType = "com.apple.product-type.application";
		};
		41E65DFF2A02E9E300924170 /* AirTS (macOS) */ = {
			isa = PBXNativeTarget;
			buildConfigurationList = 41E65E482A02E9E300924170 /* Build configuration list for PBXNativeTarget "AirTS (macOS)" */;
			buildPhases = (
				41E65DFC2A02E9E300924170 /* Sources */,
				41E65DFD2A02E9E300924170 /* Frameworks */,
				41E65DFE2A02E9E300924170 /* Resources */,
				41E65E472A02E9E300924170 /* Embed Foundation Extensions */,
			);
			buildRules = (
			);
			dependencies = (
				41E65E192A02E9E300924170 /* PBXTargetDependency */,
			);
			name = "AirTS (macOS)";
			productName = "AirTS (macOS)";
			productReference = 41E65E002A02E9E300924170 /* AirTS.app */;
			productType = "com.apple.product-type.application";
		};
		41E65E0B2A02E9E300924170 /* AirTS Extension (iOS) */ = {
			isa = PBXNativeTarget;
			buildConfigurationList = 41E65E3D2A02E9E300924170 /* Build configuration list for PBXNativeTarget "AirTS Extension (iOS)" */;
			buildPhases = (
				41E65E082A02E9E300924170 /* Sources */,
				41E65E092A02E9E300924170 /* Frameworks */,
				41E65E0A2A02E9E300924170 /* Resources */,
			);
			buildRules = (
			);
			dependencies = (
			);
			name = "AirTS Extension (iOS)";
			productName = "AirTS Extension (iOS)";
			productReference = 41E65E0C2A02E9E300924170 /* AirTS Extension.appex */;
			productType = "com.apple.product-type.app-extension";
		};
		41E65E152A02E9E300924170 /* AirTS Extension (macOS) */ = {
			isa = PBXNativeTarget;
			buildConfigurationList = 41E65E442A02E9E300924170 /* Build configuration list for PBXNativeTarget "AirTS Extension (macOS)" */;
			buildPhases = (
				41E65E122A02E9E300924170 /* Sources */,
				41E65E132A02E9E300924170 /* Frameworks */,
				41E65E142A02E9E300924170 /* Resources */,
			);
			buildRules = (
			);
			dependencies = (
			);
			name = "AirTS Extension (macOS)";
			productName = "AirTS Extension (macOS)";
			productReference = 41E65E162A02E9E300924170 /* AirTS Extension.appex */;
			productType = "com.apple.product-type.app-extension";
		};
/* End PBXNativeTarget section */

/* Begin PBXProject section */
		41E65DD22A02E9E200924170 /* Project object */ = {
			isa = PBXProject;
			attributes = {
				BuildIndependentTargetsInParallel = 1;
				LastSwiftUpdateCheck = 1430;
				LastUpgradeCheck = 1430;
				TargetAttributes = {
					41E65DED2A02E9E300924170 = {
						CreatedOnToolsVersion = 14.3;
					};
					41E65DFF2A02E9E300924170 = {
						CreatedOnToolsVersion = 14.3;
					};
					41E65E0B2A02E9E300924170 = {
						CreatedOnToolsVersion = 14.3;
					};
					41E65E152A02E9E300924170 = {
						CreatedOnToolsVersion = 14.3;
					};
				};
			};
			buildConfigurationList = 41E65DD52A02E9E200924170 /* Build configuration list for PBXProject "AirTS" */;
			compatibilityVersion = "Xcode 14.0";
			developmentRegion = en;
			hasScannedForEncodings = 0;
			knownRegions = (
				en,
				Base,
			);
			mainGroup = 41E65DD12A02E9E200924170;
			productRefGroup = 41E65DEF2A02E9E300924170 /* Products */;
			projectDirPath = "";
			projectRoot = "";
			targets = (
				41E65DED2A02E9E300924170 /* AirTS (iOS) */,
				41E65DFF2A02E9E300924170 /* AirTS (macOS) */,
				41E65E0B2A02E9E300924170 /* AirTS Extension (iOS) */,
				41E65E152A02E9E300924170 /* AirTS Extension (macOS) */,
			);
		};
/* End PBXProject section */

/* Begin PBXResourcesBuildPhase section */
		41E65DEC2A02E9E300924170 /* Resources */ = {
			isa = PBXResourcesBuildPhase;
			buildActionMask = 2147483647;
			files = (
				41E65E1F2A02E9E300924170 /* Icon.png in Resources */,
				41E65DF72A02E9E300924170 /* LaunchScreen.storyboard in Resources */,
				41E65E1D2A02E9E300924170 /* Main.html in Resources */,
				41E65E232A02E9E300924170 /* Script.js in Resources */,
				41E65E272A02E9E300924170 /* Assets.xcassets in Resources */,
				41E65DFA2A02E9E300924170 /* Main.storyboard in Resources */,
				41E65E212A02E9E300924170 /* Style.css in Resources */,
			);
			runOnlyForDeploymentPostprocessing = 0;
		};
		41E65DFE2A02E9E300924170 /* Resources */ = {
			isa = PBXResourcesBuildPhase;
			buildActionMask = 2147483647;
			files = (
				41E65E202A02E9E300924170 /* Icon.png in Resources */,
				41E65E222A02E9E300924170 /* Style.css in Resources */,
				41E65E062A02E9E300924170 /* Main.storyboard in Resources */,
				41E65E242A02E9E300924170 /* Script.js in Resources */,
				41E65E282A02E9E300924170 /* Assets.xcassets in Resources */,
				41E65E1E2A02E9E300924170 /* Main.html in Resources */,
			);
			runOnlyForDeploymentPostprocessing = 0;
		};
		41E65E0A2A02E9E300924170 /* Resources */ = {
			isa = PBXResourcesBuildPhase;
			buildActionMask = 2147483647;
			files = (
				41E65E312A02E9E300924170 /* background.js in Resources */,
				41E65E372A02E9E300924170 /* popup.css in Resources */,
				41E65E352A02E9E300924170 /* popup.html in Resources */,
				41E65E2D2A02E9E300924170 /* images in Resources */,
				41E65E2F2A02E9E300924170 /* manifest.json in Resources */,
				41E65E2B2A02E9E300924170 /* _locales in Resources */,
				41E65E332A02E9E300924170 /* content.js in Resources */,
				41E65E392A02E9E300924170 /* popup.js in Resources */,
			);
			runOnlyForDeploymentPostprocessing = 0;
		};
		41E65E142A02E9E300924170 /* Resources */ = {
			isa = PBXResourcesBuildPhase;
			buildActionMask = 2147483647;
			files = (
				41E65E322A02E9E300924170 /* background.js in Resources */,
				41E65E382A02E9E300924170 /* popup.css in Resources */,
				41E65E362A02E9E300924170 /* popup.html in Resources */,
				41E65E2E2A02E9E300924170 /* images in Resources */,
				41E65E302A02E9E300924170 /* manifest.json in Resources */,
				41E65E2C2A02E9E300924170 /* _locales in Resources */,
				41E65E342A02E9E300924170 /* content.js in Resources */,
				41E65E3A2A02E9E300924170 /* popup.js in Resources */,
			);
			runOnlyForDeploymentPostprocessing = 0;
		};
/* End PBXResourcesBuildPhase section */

/* Begin PBXSourcesBuildPhase section */
		41E65DEA2A02E9E300924170 /* Sources */ = {
			isa = PBXSourcesBuildPhase;
			buildActionMask = 2147483647;
			files = (
				41E65E252A02E9E300924170 /* ViewController.swift in Sources */,
				41E65DF22A02E9E300924170 /* AppDelegate.swift in Sources */,
				41E65DF42A02E9E300924170 /* SceneDelegate.swift in Sources */,
			);
			runOnlyForDeploymentPostprocessing = 0;
		};
		41E65DFC2A02E9E300924170 /* Sources */ = {
			isa = PBXSourcesBuildPhase;
			buildActionMask = 2147483647;
			files = (
				41E65E262A02E9E300924170 /* ViewController.swift in Sources */,
				41E65E032A02E9E300924170 /* AppDelegate.swift in Sources */,
			);
			runOnlyForDeploymentPostprocessing = 0;
		};
		41E65E082A02E9E300924170 /* Sources */ = {
			isa = PBXSourcesBuildPhase;
			buildActionMask = 2147483647;
			files = (
				41E65E292A02E9E300924170 /* SafariWebExtensionHandler.swift in Sources */,
			);
			runOnlyForDeploymentPostprocessing = 0;
		};
		41E65E122A02E9E300924170 /* Sources */ = {
			isa = PBXSourcesBuildPhase;
			buildActionMask = 2147483647;
			files = (
				41E65E2A2A02E9E300924170 /* SafariWebExtensionHandler.swift in Sources */,
			);
			runOnlyForDeploymentPostprocessing = 0;
		};
/* End PBXSourcesBuildPhase section */

/* Begin PBXTargetDependency section */
		41E65E0F2A02E9E300924170 /* PBXTargetDependency */ = {
			isa = PBXTargetDependency;
			target = 41E65E0B2A02E9E300924170 /* AirTS Extension (iOS) */;
			targetProxy = 41E65E0E2A02E9E300924170 /* PBXContainerItemProxy */;
		};
		41E65E192A02E9E300924170 /* PBXTargetDependency */ = {
			isa = PBXTargetDependency;
			target = 41E65E152A02E9E300924170 /* AirTS Extension (macOS) */;
			targetProxy = 41E65E182A02E9E300924170 /* PBXContainerItemProxy */;
		};
/* End PBXTargetDependency section */

/* Begin PBXVariantGroup section */
		41E65DD82A02E9E200924170 /* Main.html */ = {
			isa = PBXVariantGroup;
			children = (
				41E65DD92A02E9E200924170 /* Base */,
			);
			name = Main.html;
			sourceTree = "<group>";
		};
		41E65DF52A02E9E300924170 /* LaunchScreen.storyboard */ = {
			isa = PBXVariantGroup;
			children = (
				41E65DF62A02E9E300924170 /* Base */,
			);
			name = LaunchScreen.storyboard;
			sourceTree = "<group>";
		};
		41E65DF82A02E9E300924170 /* Main.storyboard */ = {
			isa = PBXVariantGroup;
			children = (
				41E65DF92A02E9E300924170 /* Base */,
			);
			name = Main.storyboard;
			sourceTree = "<group>";
		};
		41E65E042A02E9E300924170 /* Main.storyboard */ = {
			isa = PBXVariantGroup;
			children = (
				41E65E052A02E9E300924170 /* Base */,
			);
			name = Main.storyboard;
			sourceTree = "<group>";
		};
/* End PBXVariantGroup section */

/* Begin XCBuildConfiguration section */
		41E65E3B2A02E9E300924170 /* Debug */ = {
			isa = XCBuildConfiguration;
			buildSettings = {
				ALWAYS_SEARCH_USER_PATHS = NO;
				CLANG_ANALYZER_NONNULL = YES;
				CLANG_ANALYZER_NUMBER_OBJECT_CONVERSION = YES_AGGRESSIVE;
				CLANG_CXX_LANGUAGE_STANDARD = "gnu++20";
				CLANG_ENABLE_MODULES = YES;
				CLANG_ENABLE_OBJC_ARC = YES;
				CLANG_ENABLE_OBJC_WEAK = YES;
				CLANG_WARN_BLOCK_CAPTURE_AUTORELEASING = YES;
				CLANG_WARN_BOOL_CONVERSION = YES;
				CLANG_WARN_COMMA = YES;
				CLANG_WARN_CONSTANT_CONVERSION = YES;
				CLANG_WARN_DEPRECATED_OBJC_IMPLEMENTATIONS = YES;
				CLANG_WARN_DIRECT_OBJC_ISA_USAGE = YES_ERROR;
				CLANG_WARN_DOCUMENTATION_COMMENTS = YES;
				CLANG_WARN_EMPTY_BODY = YES;
				CLANG_WARN_ENUM_CONVERSION = YES;
				CLANG_WARN_INFINITE_RECURSION = YES;
				CLANG_WARN_INT_CONVERSION = YES;
				CLANG_WARN_NON_LITERAL_NULL_CONVERSION = YES;
				CLANG_WARN_OBJC_IMPLICIT_RETAIN_SELF = YES;
				CLANG_WARN_OBJC_LITERAL_CONVERSION = YES;
				CLANG_WARN_OBJC_ROOT_CLASS = YES_ERROR;
				CLANG_WARN_QUOTED_INCLUDE_IN_FRAMEWORK_HEADER = YES;
				CLANG_WARN_RANGE_LOOP_ANALYSIS = YES;
				CLANG_WARN_STRICT_PROTOTYPES = YES;
				CLANG_WARN_SUSPICIOUS_MOVE = YES;
				CLANG_WARN_UNGUARDED_AVAILABILITY = YES_AGGRESSIVE;
				CLANG_WARN_UNREACHABLE_CODE = YES;
				CLANG_WARN__DUPLICATE_METHOD_MATCH = YES;
				COPY_PHASE_STRIP = NO;
				DEBUG_INFORMATION_FORMAT = dwarf;
				ENABLE_STRICT_OBJC_MSGSEND = YES;
				ENABLE_TESTABILITY = YES;
				GCC_C_LANGUAGE_STANDARD = gnu11;
				GCC_DYNAMIC_NO_PIC = NO;
				GCC_NO_COMMON_BLOCKS = YES;
				GCC_OPTIMIZATION_LEVEL = 0;
				GCC_PREPROCESSOR_DEFINITIONS = (
					"DEBUG=1",
					"$(inherited)",
				);
				GCC_WARN_64_TO_32_BIT_CONVERSION = YES;
				GCC_WARN_ABOUT_RETURN_TYPE = YES_ERROR;
				GCC_WARN_UNDECLARED_SELECTOR = YES;
				GCC_WARN_UNINITIALIZED_AUTOS = YES_AGGRESSIVE;
				GCC_WARN_UNUSED_FUNCTION = YES;
				GCC_WARN_UNUSED_VARIABLE = YES;
				MTL_ENABLE_DEBUG_INFO = INCLUDE_SOURCE;
				MTL_FAST_MATH = YES;
				ONLY_ACTIVE_ARCH = YES;
				SWIFT_ACTIVE_COMPILATION_CONDITIONS = DEBUG;
				SWIFT_OPTIMIZATION_LEVEL = "-Onone";
			};
			name = Debug;
		};
		41E65E3C2A02E9E300924170 /* Release */ = {
			isa = XCBuildConfiguration;
			buildSettings = {
				ALWAYS_SEARCH_USER_PATHS = NO;
				CLANG_ANALYZER_NONNULL = YES;
				CLANG_ANALYZER_NUMBER_OBJECT_CONVERSION = YES_AGGRESSIVE;
				CLANG_CXX_LANGUAGE_STANDARD = "gnu++20";
				CLANG_ENABLE_MODULES = YES;
				CLANG_ENABLE_OBJC_ARC = YES;
				CLANG_ENABLE_OBJC_WEAK = YES;
				CLANG_WARN_BLOCK_CAPTURE_AUTORELEASING = YES;
				CLANG_WARN_BOOL_CONVERSION = YES;
				CLANG_WARN_COMMA = YES;
				CLANG_WARN_CONSTANT_CONVERSION = YES;
				CLANG_WARN_DEPRECATED_OBJC_IMPLEMENTATIONS = YES;
				CLANG_WARN_DIRECT_OBJC_ISA_USAGE = YES_ERROR;
				CLANG_WARN_DOCUMENTATION_COMMENTS = YES;
				CLANG_WARN_EMPTY_BODY = YES;
				CLANG_WARN_ENUM_CONVERSION = YES;
				CLANG_WARN_INFINITE_RECURSION = YES;
				CLANG_WARN_INT_CONVERSION = YES;
				CLANG_WARN_NON_LITERAL_NULL_CONVERSION = YES;
				CLANG_WARN_OBJC_IMPLICIT_RETAIN_SELF = YES;
				CLANG_WARN_OBJC_LITERAL_CONVERSION = YES;
				CLANG_WARN_OBJC_ROOT_CLASS = YES_ERROR;
				CLANG_WARN_QUOTED_INCLUDE_IN_FRAMEWORK_HEADER = YES;
				CLANG_WARN_RANGE_LOOP_ANALYSIS = YES;
				CLANG_WARN_STRICT_PROTOTYPES = YES;
				CLANG_WARN_SUSPICIOUS_MOVE = YES;
				CLANG_WARN_UNGUARDED_AVAILABILITY = YES_AGGRESSIVE;
				CLANG_WARN_UNREACHABLE_CODE = YES;
				CLANG_WARN__DUPLICATE_METHOD_MATCH = YES;
				COPY_PHASE_STRIP = NO;
				DEBUG_INFORMATION_FORMAT = "dwarf-with-dsym";
				ENABLE_NS_ASSERTIONS = NO;
				ENABLE_STRICT_OBJC_MSGSEND = YES;
				GCC_C_LANGUAGE_STANDARD = gnu11;
				GCC_NO_COMMON_BLOCKS = YES;
				GCC_WARN_64_TO_32_BIT_CONVERSION = YES;
				GCC_WARN_ABOUT_RETURN_TYPE = YES_ERROR;
				GCC_WARN_UNDECLARED_SELECTOR = YES;
				GCC_WARN_UNINITIALIZED_AUTOS = YES_AGGRESSIVE;
				GCC_WARN_UNUSED_FUNCTION = YES;
				GCC_WARN_UNUSED_VARIABLE = YES;
				MTL_ENABLE_DEBUG_INFO = NO;
				MTL_FAST_MATH = YES;
				SWIFT_COMPILATION_MODE = wholemodule;
				SWIFT_OPTIMIZATION_LEVEL = "-O";
			};
			name = Release;
		};
		41E65E3E2A02E9E300924170 /* Debug */ = {
			isa = XCBuildConfiguration;
			buildSettings = {
				CODE_SIGN_STYLE = Automatic;
				CURRENT_PROJECT_VERSION = 1;
				DEVELOPMENT_TEAM = 83SK34AA56;
				GENERATE_INFOPLIST_FILE = YES;
				INFOPLIST_FILE = "iOS (Extension)/Info.plist";
				INFOPLIST_KEY_CFBundleDisplayName = "AirTS Extension";
				INFOPLIST_KEY_NSHumanReadableCopyright = "";
				IPHONEOS_DEPLOYMENT_TARGET = 15.0;
				LD_RUNPATH_SEARCH_PATHS = (
					"$(inherited)",
					"@executable_path/Frameworks",
					"@executable_path/../../Frameworks",
				);
				MARKETING_VERSION = 1.0;
				OTHER_LDFLAGS = (
					"-framework",
					SafariServices,
				);
				PRODUCT_BUNDLE_IDENTIFIER = info.corne.AirTS.Extension;
				PRODUCT_NAME = "AirTS Extension";
				SDKROOT = iphoneos;
				SKIP_INSTALL = YES;
				SWIFT_EMIT_LOC_STRINGS = YES;
				SWIFT_VERSION = 5.0;
				TARGETED_DEVICE_FAMILY = "1,2";
			};
			name = Debug;
		};
		41E65E3F2A02E9E300924170 /* Release */ = {
			isa = XCBuildConfiguration;
			buildSettings = {
				CODE_SIGN_STYLE = Automatic;
				CURRENT_PROJECT_VERSION = 1;
				DEVELOPMENT_TEAM = 83SK34AA56;
				GENERATE_INFOPLIST_FILE = YES;
				INFOPLIST_FILE = "iOS (Extension)/Info.plist";
				INFOPLIST_KEY_CFBundleDisplayName = "AirTS Extension";
				INFOPLIST_KEY_NSHumanReadableCopyright = "";
				IPHONEOS_DEPLOYMENT_TARGET = 15.0;
				LD_RUNPATH_SEARCH_PATHS = (
					"$(inherited)",
					"@executable_path/Frameworks",
					"@executable_path/../../Frameworks",
				);
				MARKETING_VERSION = 1.0;
				OTHER_LDFLAGS = (
					"-framework",
					SafariServices,
				);
				PRODUCT_BUNDLE_IDENTIFIER = info.corne.AirTS.Extension;
				PRODUCT_NAME = "AirTS Extension";
				SDKROOT = iphoneos;
				SKIP_INSTALL = YES;
				SWIFT_EMIT_LOC_STRINGS = YES;
				SWIFT_VERSION = 5.0;
				TARGETED_DEVICE_FAMILY = "1,2";
				VALIDATE_PRODUCT = YES;
			};
			name = Release;
		};
		41E65E422A02E9E300924170 /* Debug */ = {
			isa = XCBuildConfiguration;
			buildSettings = {
				ALWAYS_EMBED_SWIFT_STANDARD_LIBRARIES = YES;
				ASSETCATALOG_COMPILER_APPICON_NAME = AppIcon;
				ASSETCATALOG_COMPILER_GLOBAL_ACCENT_COLOR_NAME = AccentColor;
				CODE_SIGN_STYLE = Automatic;
				CURRENT_PROJECT_VERSION = 1;
				DEVELOPMENT_TEAM = 83SK34AA56;
				GENERATE_INFOPLIST_FILE = YES;
				INFOPLIST_FILE = "iOS (App)/Info.plist";
				INFOPLIST_KEY_CFBundleDisplayName = AirTS;
				INFOPLIST_KEY_UIApplicationSupportsIndirectInputEvents = YES;
				INFOPLIST_KEY_UILaunchStoryboardName = LaunchScreen;
				INFOPLIST_KEY_UIMainStoryboardFile = Main;
				INFOPLIST_KEY_UISupportedInterfaceOrientations = "UIInterfaceOrientationPortrait UIInterfaceOrientationLandscapeLeft UIInterfaceOrientationLandscapeRight";
				INFOPLIST_KEY_UISupportedInterfaceOrientations_iPad = "UIInterfaceOrientationPortrait UIInterfaceOrientationPortraitUpsideDown UIInterfaceOrientationLandscapeLeft UIInterfaceOrientationLandscapeRight";
				IPHONEOS_DEPLOYMENT_TARGET = 15.0;
				LD_RUNPATH_SEARCH_PATHS = (
					"$(inherited)",
					"@executable_path/Frameworks",
				);
				MARKETING_VERSION = 1.0;
				OTHER_LDFLAGS = (
					"-framework",
					SafariServices,
					"-framework",
					WebKit,
				);
				PRODUCT_BUNDLE_IDENTIFIER = info.corne.AirTS;
				PRODUCT_NAME = AirTS;
				SDKROOT = iphoneos;
				SWIFT_EMIT_LOC_STRINGS = YES;
				SWIFT_VERSION = 5.0;
				TARGETED_DEVICE_FAMILY = "1,2";
			};
			name = Debug;
		};
		41E65E432A02E9E300924170 /* Release */ = {
			isa = XCBuildConfiguration;
			buildSettings = {
				ALWAYS_EMBED_SWIFT_STANDARD_LIBRARIES = YES;
				ASSETCATALOG_COMPILER_APPICON_NAME = AppIcon;
				ASSETCATALOG_COMPILER_GLOBAL_ACCENT_COLOR_NAME = AccentColor;
				CODE_SIGN_STYLE = Automatic;
				CURRENT_PROJECT_VERSION = 1;
				DEVELOPMENT_TEAM = 83SK34AA56;
				GENERATE_INFOPLIST_FILE = YES;
				INFOPLIST_FILE = "iOS (App)/Info.plist";
				INFOPLIST_KEY_CFBundleDisplayName = AirTS;
				INFOPLIST_KEY_UIApplicationSupportsIndirectInputEvents = YES;
				INFOPLIST_KEY_UILaunchStoryboardName = LaunchScreen;
				INFOPLIST_KEY_UIMainStoryboardFile = Main;
				INFOPLIST_KEY_UISupportedInterfaceOrientations = "UIInterfaceOrientationPortrait UIInterfaceOrientationLandscapeLeft UIInterfaceOrientationLandscapeRight";
				INFOPLIST_KEY_UISupportedInterfaceOrientations_iPad = "UIInterfaceOrientationPortrait UIInterfaceOrientationPortraitUpsideDown UIInterfaceOrientationLandscapeLeft UIInterfaceOrientationLandscapeRight";
				IPHONEOS_DEPLOYMENT_TARGET = 15.0;
				LD_RUNPATH_SEARCH_PATHS = (
					"$(inherited)",
					"@executable_path/Frameworks",
				);
				MARKETING_VERSION = 1.0;
				OTHER_LDFLAGS = (
					"-framework",
					SafariServices,
					"-framework",
					WebKit,
				);
				PRODUCT_BUNDLE_IDENTIFIER = info.corne.AirTS;
				PRODUCT_NAME = AirTS;
				SDKROOT = iphoneos;
				SWIFT_EMIT_LOC_STRINGS = YES;
				SWIFT_VERSION = 5.0;
				TARGETED_DEVICE_FAMILY = "1,2";
				VALIDATE_PRODUCT = YES;
			};
			name = Release;
		};
		41E65E452A02E9E300924170 /* Debug */ = {
			isa = XCBuildConfiguration;
			buildSettings = {
				CODE_SIGN_ENTITLEMENTS = "macOS (Extension)/AirTS.entitlements";
				CODE_SIGN_STYLE = Automatic;
				CURRENT_PROJECT_VERSION = 1;
				DEVELOPMENT_TEAM = 83SK34AA56;
				ENABLE_HARDENED_RUNTIME = YES;
				GENERATE_INFOPLIST_FILE = YES;
				INFOPLIST_FILE = "macOS (Extension)/Info.plist";
				INFOPLIST_KEY_CFBundleDisplayName = "AirTS Extension";
				INFOPLIST_KEY_NSHumanReadableCopyright = "";
				LD_RUNPATH_SEARCH_PATHS = (
					"$(inherited)",
					"@executable_path/../Frameworks",
					"@executable_path/../../../../Frameworks",
				);
				MACOSX_DEPLOYMENT_TARGET = 10.14;
				MARKETING_VERSION = 1.0;
				OTHER_LDFLAGS = (
					"-framework",
					SafariServices,
				);
				PRODUCT_BUNDLE_IDENTIFIER = info.corne.AirTS.Extension;
				PRODUCT_NAME = "AirTS Extension";
				SDKROOT = macosx;
				SKIP_INSTALL = YES;
				SWIFT_EMIT_LOC_STRINGS = YES;
				SWIFT_VERSION = 5.0;
			};
			name = Debug;
		};
		41E65E462A02E9E300924170 /* Release */ = {
			isa = XCBuildConfiguration;
			buildSettings = {
				CODE_SIGN_ENTITLEMENTS = "macOS (Extension)/AirTS.entitlements";
				CODE_SIGN_STYLE = Automatic;
				CURRENT_PROJECT_VERSION = 1;
				DEVELOPMENT_TEAM = 83SK34AA56;
				ENABLE_HARDENED_RUNTIME = YES;
				GENERATE_INFOPLIST_FILE = YES;
				INFOPLIST_FILE = "macOS (Extension)/Info.plist";
				INFOPLIST_KEY_CFBundleDisplayName = "AirTS Extension";
				INFOPLIST_KEY_NSHumanReadableCopyright = "";
				LD_RUNPATH_SEARCH_PATHS = (
					"$(inherited)",
					"@executable_path/../Frameworks",
					"@executable_path/../../../../Frameworks",
				);
				MACOSX_DEPLOYMENT_TARGET = 10.14;
				MARKETING_VERSION = 1.0;
				OTHER_LDFLAGS = (
					"-framework",
					SafariServices,
				);
				PRODUCT_BUNDLE_IDENTIFIER = info.corne.AirTS.Extension;
				PRODUCT_NAME = "AirTS Extension";
				SDKROOT = macosx;
				SKIP_INSTALL = YES;
				SWIFT_EMIT_LOC_STRINGS = YES;
				SWIFT_VERSION = 5.0;
			};
			name = Release;
		};
		41E65E492A02E9E300924170 /* Debug */ = {
			isa = XCBuildConfiguration;
			buildSettings = {
				ALWAYS_EMBED_SWIFT_STANDARD_LIBRARIES = YES;
				ASSETCATALOG_COMPILER_APPICON_NAME = AppIcon;
				ASSETCATALOG_COMPILER_GLOBAL_ACCENT_COLOR_NAME = AccentColor;
				CODE_SIGN_ENTITLEMENTS = "macOS (App)/AirTS.entitlements";
				CODE_SIGN_STYLE = Automatic;
				CURRENT_PROJECT_VERSION = 1;
				DEVELOPMENT_TEAM = 83SK34AA56;
				ENABLE_HARDENED_RUNTIME = YES;
				GENERATE_INFOPLIST_FILE = YES;
				INFOPLIST_KEY_CFBundleDisplayName = AirTS;
				INFOPLIST_KEY_NSMainStoryboardFile = Main;
				INFOPLIST_KEY_NSPrincipalClass = NSApplication;
				LD_RUNPATH_SEARCH_PATHS = (
					"$(inherited)",
					"@executable_path/../Frameworks",
				);
				MACOSX_DEPLOYMENT_TARGET = 10.14;
				MARKETING_VERSION = 1.0;
				OTHER_LDFLAGS = (
					"-framework",
					SafariServices,
					"-framework",
					WebKit,
				);
				PRODUCT_BUNDLE_IDENTIFIER = info.corne.AirTS;
				PRODUCT_NAME = AirTS;
				SDKROOT = macosx;
				SWIFT_EMIT_LOC_STRINGS = YES;
				SWIFT_VERSION = 5.0;
			};
			name = Debug;
		};
		41E65E4A2A02E9E300924170 /* Release */ = {
			isa = XCBuildConfiguration;
			buildSettings = {
				ALWAYS_EMBED_SWIFT_STANDARD_LIBRARIES = YES;
				ASSETCATALOG_COMPILER_APPICON_NAME = AppIcon;
				ASSETCATALOG_COMPILER_GLOBAL_ACCENT_COLOR_NAME = AccentColor;
				CODE_SIGN_ENTITLEMENTS = "macOS (App)/AirTS.entitlements";
				CODE_SIGN_STYLE = Automatic;
				CURRENT_PROJECT_VERSION = 1;
				DEVELOPMENT_TEAM = 83SK34AA56;
				ENABLE_HARDENED_RUNTIME = YES;
				GENERATE_INFOPLIST_FILE = YES;
				INFOPLIST_KEY_CFBundleDisplayName = AirTS;
				INFOPLIST_KEY_NSMainStoryboardFile = Main;
				INFOPLIST_KEY_NSPrincipalClass = NSApplication;
				LD_RUNPATH_SEARCH_PATHS = (
					"$(inherited)",
					"@executable_path/../Frameworks",
				);
				MACOSX_DEPLOYMENT_TARGET = 10.14;
				MARKETING_VERSION = 1.0;
				OTHER_LDFLAGS = (
					"-framework",
					SafariServices,
					"-framework",
					WebKit,
				);
				PRODUCT_BUNDLE_IDENTIFIER = info.corne.AirTS;
				PRODUCT_NAME = AirTS;
				SDKROOT = macosx;
				SWIFT_EMIT_LOC_STRINGS = YES;
				SWIFT_VERSION = 5.0;
			};
			name = Release;
		};
/* End XCBuildConfiguration section */

/* Begin XCConfigurationList section */
		41E65DD52A02E9E200924170 /* Build configuration list for PBXProject "AirTS" */ = {
			isa = XCConfigurationList;
			buildConfigurations = (
				41E65E3B2A02E9E300924170 /* Debug */,
				41E65E3C2A02E9E300924170 /* Release */,
			);
			defaultConfigurationIsVisible = 0;
			defaultConfigurationName = Release;
		};
		41E65E3D2A02E9E300924170 /* Build configuration list for PBXNativeTarget "AirTS Extension (iOS)" */ = {
			isa = XCConfigurationList;
			buildConfigurations = (
				41E65E3E2A02E9E300924170 /* Debug */,
				41E65E3F2A02E9E300924170 /* Release */,
			);
			defaultConfigurationIsVisible = 0;
			defaultConfigurationName = Release;
		};
		41E65E412A02E9E300924170 /* Build configuration list for PBXNativeTarget "AirTS (iOS)" */ = {
			isa = XCConfigurationList;
			buildConfigurations = (
				41E65E422A02E9E300924170 /* Debug */,
				41E65E432A02E9E300924170 /* Release */,
			);
			defaultConfigurationIsVisible = 0;
			defaultConfigurationName = Release;
		};
		41E65E442A02E9E300924170 /* Build configuration list for PBXNativeTarget "AirTS Extension (macOS)" */ = {
			isa = XCConfigurationList;
			buildConfigurations = (
				41E65E452A02E9E300924170 /* Debug */,
				41E65E462A02E9E300924170 /* Release */,
			);
			defaultConfigurationIsVisible = 0;
			defaultConfigurationName = Release;
		};
		41E65E482A02E9E300924170 /* Build configuration list for PBXNativeTarget "AirTS (macOS)" */ = {
			isa = XCConfigurationList;
			buildConfigurations = (
				41E65E492A02E9E300924170 /* Debug */,
				41E65E4A2A02E9E300924170 /* Release */,
			);
			defaultConfigurationIsVisible = 0;
			defaultConfigurationName = Release;
		};
/* End XCConfigurationList section */
	};
	rootObject = 41E65DD22A02E9E200924170 /* Project object */;
}
